// !$*UTF8*$!
{
	archiveVersion = 1;
	classes = {
	};
	objectVersion = 56;
	objects = {

/* Begin PBXBuildFile section */
		C8B9CF4B29B3630200EE430A /* AppDelegate.swift in Sources */ = {isa = PBXBuildFile; fileRef = C8B9CF4A29B3630200EE430A /* AppDelegate.swift */; };
		C8B9CF4F29B3630300EE430A /* Assets.xcassets in Resources */ = {isa = PBXBuildFile; fileRef = C8B9CF4E29B3630300EE430A /* Assets.xcassets */; };
		C8B9CF5229B3630300EE430A /* Main.storyboard in Resources */ = {isa = PBXBuildFile; fileRef = C8B9CF5029B3630300EE430A /* Main.storyboard */; };
		C8B9CF5B29B3631100EE430A /* CrashAnalyst in Frameworks */ = {isa = PBXBuildFile; productRef = C8B9CF5A29B3631100EE430A /* CrashAnalyst */; };
		C8B9CF5D29B365D200EE430A /* MainWindowController.swift in Sources */ = {isa = PBXBuildFile; fileRef = C8B9CF5C29B365D200EE430A /* MainWindowController.swift */; };
		C8B9CF5F29B3660F00EE430A /* ProjectListViewController.swift in Sources */ = {isa = PBXBuildFile; fileRef = C8B9CF5E29B3660F00EE430A /* ProjectListViewController.swift */; };
		C8B9CF6129B3662300EE430A /* FileAnalysisViewController.swift in Sources */ = {isa = PBXBuildFile; fileRef = C8B9CF6029B3662300EE430A /* FileAnalysisViewController.swift */; };
		C8B9CF6329B3663800EE430A /* AddressAnalysisViewController.swift in Sources */ = {isa = PBXBuildFile; fileRef = C8B9CF6229B3663800EE430A /* AddressAnalysisViewController.swift */; };
		C8B9CF6629B36B1700EE430A /* AnalystDependecies in Frameworks */ = {isa = PBXBuildFile; productRef = C8B9CF6529B36B1700EE430A /* AnalystDependecies */; };
		C8B9CF6829B36E5100EE430A /* LogViewController.swift in Sources */ = {isa = PBXBuildFile; fileRef = C8B9CF6729B36E5100EE430A /* LogViewController.swift */; };
		C8B9CF6D29B42AF000EE430A /* Extensions.swift in Sources */ = {isa = PBXBuildFile; fileRef = C8B9CF6C29B42AF000EE430A /* Extensions.swift */; };
		C8B9CF7029B4394800EE430A /* ActionButton.swift in Sources */ = {isa = PBXBuildFile; fileRef = C8B9CF6F29B4394800EE430A /* ActionButton.swift */; };
/* End PBXBuildFile section */

/* Begin PBXFileReference section */
		C8B9CF4729B3630200EE430A /* Analyst.app */ = {isa = PBXFileReference; explicitFileType = wrapper.application; includeInIndex = 0; path = Analyst.app; sourceTree = BUILT_PRODUCTS_DIR; };
		C8B9CF4A29B3630200EE430A /* AppDelegate.swift */ = {isa = PBXFileReference; lastKnownFileType = sourcecode.swift; path = AppDelegate.swift; sourceTree = "<group>"; };
		C8B9CF4E29B3630300EE430A /* Assets.xcassets */ = {isa = PBXFileReference; lastKnownFileType = folder.assetcatalog; path = Assets.xcassets; sourceTree = "<group>"; };
		C8B9CF5129B3630300EE430A /* Base */ = {isa = PBXFileReference; lastKnownFileType = file.storyboard; name = Base; path = Base.lproj/Main.storyboard; sourceTree = "<group>"; };
		C8B9CF5329B3630300EE430A /* Analyst.entitlements */ = {isa = PBXFileReference; lastKnownFileType = text.plist.entitlements; path = Analyst.entitlements; sourceTree = "<group>"; };
		C8B9CF5C29B365D200EE430A /* MainWindowController.swift */ = {isa = PBXFileReference; lastKnownFileType = sourcecode.swift; path = MainWindowController.swift; sourceTree = "<group>"; };
		C8B9CF5E29B3660F00EE430A /* ProjectListViewController.swift */ = {isa = PBXFileReference; lastKnownFileType = sourcecode.swift; path = ProjectListViewController.swift; sourceTree = "<group>"; };
		C8B9CF6029B3662300EE430A /* FileAnalysisViewController.swift */ = {isa = PBXFileReference; lastKnownFileType = sourcecode.swift; path = FileAnalysisViewController.swift; sourceTree = "<group>"; };
		C8B9CF6229B3663800EE430A /* AddressAnalysisViewController.swift */ = {isa = PBXFileReference; lastKnownFileType = sourcecode.swift; path = AddressAnalysisViewController.swift; sourceTree = "<group>"; };
		C8B9CF6729B36E5100EE430A /* LogViewController.swift */ = {isa = PBXFileReference; lastKnownFileType = sourcecode.swift; path = LogViewController.swift; sourceTree = "<group>"; };
		C8B9CF6C29B42AF000EE430A /* Extensions.swift */ = {isa = PBXFileReference; lastKnownFileType = sourcecode.swift; path = Extensions.swift; sourceTree = "<group>"; };
		C8B9CF6F29B4394800EE430A /* ActionButton.swift */ = {isa = PBXFileReference; lastKnownFileType = sourcecode.swift; path = ActionButton.swift; sourceTree = "<group>"; };
/* End PBXFileReference section */

/* Begin PBXFrameworksBuildPhase section */
		C8B9CF4429B3630200EE430A /* Frameworks */ = {
			isa = PBXFrameworksBuildPhase;
			buildActionMask = 2147483647;
			files = (
				C8B9CF5B29B3631100EE430A /* CrashAnalyst in Frameworks */,
				C8B9CF6629B36B1700EE430A /* AnalystDependecies in Frameworks */,
			);
			runOnlyForDeploymentPostprocessing = 0;
		};
/* End PBXFrameworksBuildPhase section */

/* Begin PBXGroup section */
		C8B9CF3E29B3630200EE430A = {
			isa = PBXGroup;
			children = (
				C8B9CF4929B3630200EE430A /* Analyst */,
				C8B9CF4829B3630200EE430A /* Products */,
				C8B9CF5929B3631100EE430A /* Frameworks */,
			);
			sourceTree = "<group>";
		};
		C8B9CF4829B3630200EE430A /* Products */ = {
			isa = PBXGroup;
			children = (
				C8B9CF4729B3630200EE430A /* Analyst.app */,
			);
			name = Products;
			sourceTree = "<group>";
		};
		C8B9CF4929B3630200EE430A /* Analyst */ = {
			isa = PBXGroup;
			children = (
				C8B9CF4A29B3630200EE430A /* AppDelegate.swift */,
				C8B9CF7129B43F3000EE430A /* Controller */,
				C8B9CF6E29B4393500EE430A /* View */,
				C8B9CF6929B42ABB00EE430A /* Extension */,
				C8B9CF4E29B3630300EE430A /* Assets.xcassets */,
				C8B9CF5029B3630300EE430A /* Main.storyboard */,
				C8B9CF5329B3630300EE430A /* Analyst.entitlements */,
			);
			path = Analyst;
			sourceTree = "<group>";
		};
		C8B9CF5929B3631100EE430A /* Frameworks */ = {
			isa = PBXGroup;
			children = (
			);
			name = Frameworks;
			sourceTree = "<group>";
		};
		C8B9CF6929B42ABB00EE430A /* Extension */ = {
			isa = PBXGroup;
			children = (
				C8B9CF6C29B42AF000EE430A /* Extensions.swift */,
			);
			path = Extension;
			sourceTree = "<group>";
		};
		C8B9CF6E29B4393500EE430A /* View */ = {
			isa = PBXGroup;
			children = (
				C8B9CF6F29B4394800EE430A /* ActionButton.swift */,
			);
			path = View;
			sourceTree = "<group>";
		};
		C8B9CF7129B43F3000EE430A /* Controller */ = {
			isa = PBXGroup;
			children = (
				C8B9CF5C29B365D200EE430A /* MainWindowController.swift */,
				C8B9CF5E29B3660F00EE430A /* ProjectListViewController.swift */,
				C8B9CF6029B3662300EE430A /* FileAnalysisViewController.swift */,
				C8B9CF6229B3663800EE430A /* AddressAnalysisViewController.swift */,
				C8B9CF6729B36E5100EE430A /* LogViewController.swift */,
			);
			path = Controller;
			sourceTree = "<group>";
		};
/* End PBXGroup section */

/* Begin PBXNativeTarget section */
		C8B9CF4629B3630200EE430A /* Analyst */ = {
			isa = PBXNativeTarget;
			buildConfigurationList = C8B9CF5629B3630300EE430A /* Build configuration list for PBXNativeTarget "Analyst" */;
			buildPhases = (
				C8B9CF4329B3630200EE430A /* Sources */,
				C8B9CF4429B3630200EE430A /* Frameworks */,
				C8B9CF4529B3630200EE430A /* Resources */,
			);
			buildRules = (
			);
			dependencies = (
			);
			name = Analyst;
			packageProductDependencies = (
				C8B9CF5A29B3631100EE430A /* CrashAnalyst */,
				C8B9CF6529B36B1700EE430A /* AnalystDependecies */,
			);
			productName = Analyst;
			productReference = C8B9CF4729B3630200EE430A /* Analyst.app */;
			productType = "com.apple.product-type.application";
		};
/* End PBXNativeTarget section */

/* Begin PBXProject section */
		C8B9CF3F29B3630200EE430A /* Project object */ = {
			isa = PBXProject;
			attributes = {
				BuildIndependentTargetsInParallel = 1;
				LastSwiftUpdateCheck = 1410;
				LastUpgradeCheck = 1410;
				TargetAttributes = {
					C8B9CF4629B3630200EE430A = {
						CreatedOnToolsVersion = 14.1;
					};
				};
			};
			buildConfigurationList = C8B9CF4229B3630200EE430A /* Build configuration list for PBXProject "Analyst" */;
			compatibilityVersion = "Xcode 14.0";
			developmentRegion = en;
			hasScannedForEncodings = 0;
			knownRegions = (
				en,
				Base,
			);
			mainGroup = C8B9CF3E29B3630200EE430A;
			productRefGroup = C8B9CF4829B3630200EE430A /* Products */;
			projectDirPath = "";
			projectRoot = "";
			targets = (
				C8B9CF4629B3630200EE430A /* Analyst */,
			);
		};
/* End PBXProject section */

/* Begin PBXResourcesBuildPhase section */
		C8B9CF4529B3630200EE430A /* Resources */ = {
			isa = PBXResourcesBuildPhase;
			buildActionMask = 2147483647;
			files = (
				C8B9CF4F29B3630300EE430A /* Assets.xcassets in Resources */,
				C8B9CF5229B3630300EE430A /* Main.storyboard in Resources */,
			);
			runOnlyForDeploymentPostprocessing = 0;
		};
/* End PBXResourcesBuildPhase section */

/* Begin PBXSourcesBuildPhase section */
		C8B9CF4329B3630200EE430A /* Sources */ = {
			isa = PBXSourcesBuildPhase;
			buildActionMask = 2147483647;
			files = (
				C8B9CF5F29B3660F00EE430A /* ProjectListViewController.swift in Sources */,
				C8B9CF4B29B3630200EE430A /* AppDelegate.swift in Sources */,
				C8B9CF6129B3662300EE430A /* FileAnalysisViewController.swift in Sources */,
				C8B9CF6D29B42AF000EE430A /* Extensions.swift in Sources */,
				C8B9CF5D29B365D200EE430A /* MainWindowController.swift in Sources */,
				C8B9CF6829B36E5100EE430A /* LogViewController.swift in Sources */,
				C8B9CF6329B3663800EE430A /* AddressAnalysisViewController.swift in Sources */,
				C8B9CF7029B4394800EE430A /* ActionButton.swift in Sources */,
			);
			runOnlyForDeploymentPostprocessing = 0;
		};
/* End PBXSourcesBuildPhase section */

/* Begin PBXVariantGroup section */
		C8B9CF5029B3630300EE430A /* Main.storyboard */ = {
			isa = PBXVariantGroup;
			children = (
				C8B9CF5129B3630300EE430A /* Base */,
			);
			name = Main.storyboard;
			sourceTree = "<group>";
		};
/* End PBXVariantGroup section */

/* Begin XCBuildConfiguration section */
		C8B9CF5429B3630300EE430A /* Debug */ = {
			isa = XCBuildConfiguration;
			buildSettings = {
				ALWAYS_SEARCH_USER_PATHS = NO;
				CLANG_ANALYZER_NONNULL = YES;
				CLANG_ANALYZER_NUMBER_OBJECT_CONVERSION = YES_AGGRESSIVE;
				CLANG_CXX_LANGUAGE_STANDARD = "gnu++20";
				CLANG_ENABLE_MODULES = YES;
				CLANG_ENABLE_OBJC_ARC = YES;
				CLANG_ENABLE_OBJC_WEAK = YES;
				CLANG_WARN_BLOCK_CAPTURE_AUTORELEASING = YES;
				CLANG_WARN_BOOL_CONVERSION = YES;
				CLANG_WARN_COMMA = YES;
				CLANG_WARN_CONSTANT_CONVERSION = YES;
				CLANG_WARN_DEPRECATED_OBJC_IMPLEMENTATIONS = YES;
				CLANG_WARN_DIRECT_OBJC_ISA_USAGE = YES_ERROR;
				CLANG_WARN_DOCUMENTATION_COMMENTS = YES;
				CLANG_WARN_EMPTY_BODY = YES;
				CLANG_WARN_ENUM_CONVERSION = YES;
				CLANG_WARN_INFINITE_RECURSION = YES;
				CLANG_WARN_INT_CONVERSION = YES;
				CLANG_WARN_NON_LITERAL_NULL_CONVERSION = YES;
				CLANG_WARN_OBJC_IMPLICIT_RETAIN_SELF = YES;
				CLANG_WARN_OBJC_LITERAL_CONVERSION = YES;
				CLANG_WARN_OBJC_ROOT_CLASS = YES_ERROR;
				CLANG_WARN_QUOTED_INCLUDE_IN_FRAMEWORK_HEADER = YES;
				CLANG_WARN_RANGE_LOOP_ANALYSIS = YES;
				CLANG_WARN_STRICT_PROTOTYPES = YES;
				CLANG_WARN_SUSPICIOUS_MOVE = YES;
				CLANG_WARN_UNGUARDED_AVAILABILITY = YES_AGGRESSIVE;
				CLANG_WARN_UNREACHABLE_CODE = YES;
				CLANG_WARN__DUPLICATE_METHOD_MATCH = YES;
				COPY_PHASE_STRIP = NO;
				DEBUG_INFORMATION_FORMAT = dwarf;
				ENABLE_STRICT_OBJC_MSGSEND = YES;
				ENABLE_TESTABILITY = YES;
				GCC_C_LANGUAGE_STANDARD = gnu11;
				GCC_DYNAMIC_NO_PIC = NO;
				GCC_NO_COMMON_BLOCKS = YES;
				GCC_OPTIMIZATION_LEVEL = 0;
				GCC_PREPROCESSOR_DEFINITIONS = (
					"DEBUG=1",
					"$(inherited)",
				);
				GCC_WARN_64_TO_32_BIT_CONVERSION = YES;
				GCC_WARN_ABOUT_RETURN_TYPE = YES_ERROR;
				GCC_WARN_UNDECLARED_SELECTOR = YES;
				GCC_WARN_UNINITIALIZED_AUTOS = YES_AGGRESSIVE;
				GCC_WARN_UNUSED_FUNCTION = YES;
				GCC_WARN_UNUSED_VARIABLE = YES;
				MACOSX_DEPLOYMENT_TARGET = 13.0;
				MTL_ENABLE_DEBUG_INFO = INCLUDE_SOURCE;
				MTL_FAST_MATH = YES;
				ONLY_ACTIVE_ARCH = YES;
				SDKROOT = macosx;
				SWIFT_ACTIVE_COMPILATION_CONDITIONS = DEBUG;
				SWIFT_OPTIMIZATION_LEVEL = "-Onone";
			};
			name = Debug;
		};
		C8B9CF5529B3630300EE430A /* Release */ = {
			isa = XCBuildConfiguration;
			buildSettings = {
				ALWAYS_SEARCH_USER_PATHS = NO;
				CLANG_ANALYZER_NONNULL = YES;
				CLANG_ANALYZER_NUMBER_OBJECT_CONVERSION = YES_AGGRESSIVE;
				CLANG_CXX_LANGUAGE_STANDARD = "gnu++20";
				CLANG_ENABLE_MODULES = YES;
				CLANG_ENABLE_OBJC_ARC = YES;
				CLANG_ENABLE_OBJC_WEAK = YES;
				CLANG_WARN_BLOCK_CAPTURE_AUTORELEASING = YES;
				CLANG_WARN_BOOL_CONVERSION = YES;
				CLANG_WARN_COMMA = YES;
				CLANG_WARN_CONSTANT_CONVERSION = YES;
				CLANG_WARN_DEPRECATED_OBJC_IMPLEMENTATIONS = YES;
				CLANG_WARN_DIRECT_OBJC_ISA_USAGE = YES_ERROR;
				CLANG_WARN_DOCUMENTATION_COMMENTS = YES;
				CLANG_WARN_EMPTY_BODY = YES;
				CLANG_WARN_ENUM_CONVERSION = YES;
				CLANG_WARN_INFINITE_RECURSION = YES;
				CLANG_WARN_INT_CONVERSION = YES;
				CLANG_WARN_NON_LITERAL_NULL_CONVERSION = YES;
				CLANG_WARN_OBJC_IMPLICIT_RETAIN_SELF = YES;
				CLANG_WARN_OBJC_LITERAL_CONVERSION = YES;
				CLANG_WARN_OBJC_ROOT_CLASS = YES_ERROR;
				CLANG_WARN_QUOTED_INCLUDE_IN_FRAMEWORK_HEADER = YES;
				CLANG_WARN_RANGE_LOOP_ANALYSIS = YES;
				CLANG_WARN_STRICT_PROTOTYPES = YES;
				CLANG_WARN_SUSPICIOUS_MOVE = YES;
				CLANG_WARN_UNGUARDED_AVAILABILITY = YES_AGGRESSIVE;
				CLANG_WARN_UNREACHABLE_CODE = YES;
				CLANG_WARN__DUPLICATE_METHOD_MATCH = YES;
				COPY_PHASE_STRIP = NO;
				DEBUG_INFORMATION_FORMAT = "dwarf-with-dsym";
				ENABLE_NS_ASSERTIONS = NO;
				ENABLE_STRICT_OBJC_MSGSEND = YES;
				GCC_C_LANGUAGE_STANDARD = gnu11;
				GCC_NO_COMMON_BLOCKS = YES;
				GCC_WARN_64_TO_32_BIT_CONVERSION = YES;
				GCC_WARN_ABOUT_RETURN_TYPE = YES_ERROR;
				GCC_WARN_UNDECLARED_SELECTOR = YES;
				GCC_WARN_UNINITIALIZED_AUTOS = YES_AGGRESSIVE;
				GCC_WARN_UNUSED_FUNCTION = YES;
				GCC_WARN_UNUSED_VARIABLE = YES;
				MACOSX_DEPLOYMENT_TARGET = 13.0;
				MTL_ENABLE_DEBUG_INFO = NO;
				MTL_FAST_MATH = YES;
				SDKROOT = macosx;
				SWIFT_COMPILATION_MODE = wholemodule;
				SWIFT_OPTIMIZATION_LEVEL = "-O";
			};
			name = Release;
		};
		C8B9CF5729B3630300EE430A /* Debug */ = {
			isa = XCBuildConfiguration;
			buildSettings = {
				ASSETCATALOG_COMPILER_APPICON_NAME = AppIcon;
				ASSETCATALOG_COMPILER_GLOBAL_ACCENT_COLOR_NAME = AccentColor;
				CODE_SIGN_ENTITLEMENTS = Analyst/Analyst.entitlements;
				CODE_SIGN_STYLE = Automatic;
				COMBINE_HIDPI_IMAGES = YES;
				CURRENT_PROJECT_VERSION = 1;
				DEVELOPMENT_TEAM = EHNB49T236;
				ENABLE_HARDENED_RUNTIME = NO;
				GENERATE_INFOPLIST_FILE = YES;
				INFOPLIST_KEY_NSHumanReadableCopyright = "";
				INFOPLIST_KEY_NSMainStoryboardFile = Main;
				INFOPLIST_KEY_NSPrincipalClass = NSApplication;
				LD_RUNPATH_SEARCH_PATHS = (
					"$(inherited)",
					"@executable_path/../Frameworks",
				);
				MACOSX_DEPLOYMENT_TARGET = 12.0;
				MARKETING_VERSION = 1.0;
				PRODUCT_BUNDLE_IDENTIFIER = com.auu.Analyst;
				PRODUCT_NAME = "$(TARGET_NAME)";
				SWIFT_EMIT_LOC_STRINGS = YES;
				SWIFT_VERSION = 5.0;
			};
			name = Debug;
		};
		C8B9CF5829B3630300EE430A /* Release */ = {
			isa = XCBuildConfiguration;
			buildSettings = {
				ASSETCATALOG_COMPILER_APPICON_NAME = AppIcon;
				ASSETCATALOG_COMPILER_GLOBAL_ACCENT_COLOR_NAME = AccentColor;
				CODE_SIGN_ENTITLEMENTS = Analyst/Analyst.entitlements;
				CODE_SIGN_STYLE = Automatic;
				COMBINE_HIDPI_IMAGES = YES;
				CURRENT_PROJECT_VERSION = 1;
				DEVELOPMENT_TEAM = EHNB49T236;
				ENABLE_HARDENED_RUNTIME = NO;
				GENERATE_INFOPLIST_FILE = YES;
				INFOPLIST_KEY_NSHumanReadableCopyright = "";
				INFOPLIST_KEY_NSMainStoryboardFile = Main;
				INFOPLIST_KEY_NSPrincipalClass = NSApplication;
				LD_RUNPATH_SEARCH_PATHS = (
					"$(inherited)",
					"@executable_path/../Frameworks",
				);
				MACOSX_DEPLOYMENT_TARGET = 12.0;
				MARKETING_VERSION = 1.0;
				PRODUCT_BUNDLE_IDENTIFIER = com.auu.Analyst;
				PRODUCT_NAME = "$(TARGET_NAME)";
				SWIFT_EMIT_LOC_STRINGS = YES;
				SWIFT_VERSION = 5.0;
			};
			name = Release;
		};
/* End XCBuildConfiguration section */

/* Begin XCConfigurationList section */
		C8B9CF4229B3630200EE430A /* Build configuration list for PBXProject "Analyst" */ = {
			isa = XCConfigurationList;
			buildConfigurations = (
				C8B9CF5429B3630300EE430A /* Debug */,
				C8B9CF5529B3630300EE430A /* Release */,
			);
			defaultConfigurationIsVisible = 0;
			defaultConfigurationName = Release;
		};
		C8B9CF5629B3630300EE430A /* Build configuration list for PBXNativeTarget "Analyst" */ = {
			isa = XCConfigurationList;
			buildConfigurations = (
				C8B9CF5729B3630300EE430A /* Debug */,
				C8B9CF5829B3630300EE430A /* Release */,
			);
			defaultConfigurationIsVisible = 0;
			defaultConfigurationName = Release;
		};
/* End XCConfigurationList section */

/* Begin XCSwiftPackageProductDependency section */
		C8B9CF5A29B3631100EE430A /* CrashAnalyst */ = {
			isa = XCSwiftPackageProductDependency;
			productName = CrashAnalyst;
		};
		C8B9CF6529B36B1700EE430A /* AnalystDependecies */ = {
			isa = XCSwiftPackageProductDependency;
			productName = AnalystDependecies;
		};
/* End XCSwiftPackageProductDependency section */
	};
	rootObject = C8B9CF3F29B3630200EE430A /* Project object */;
}
